
Microsoft Visual Studio Solution File, Format Version 12.00
# Visual Studio 14
VisualStudioVersion = 14.0.23107.0
MinimumVisualStudioVersion = 10.0.40219.1
Project("{FAE04EC0-301F-11D3-BF4B-00C04F79EFBC}") = "LNDS-Toque_y_Fama", "LNDS-Toque_y_Fama\LNDS-Toque_y_Fama.csproj", "{DED15D61-F121-47F8-97F3-782E9838CFEB}"
EndProject
Global
	GlobalSection(SolutionConfigurationPlatforms) = preSolution
		Debug|Any CPU = Debug|Any CPU
		Release|Any CPU = Release|Any CPU
	EndGlobalSection
	GlobalSection(ProjectConfigurationPlatforms) = postSolution
		{DED15D61-F121-47F8-97F3-782E9838CFEB}.Debug|Any CPU.ActiveCfg = Debug|Any CPU
		{DED15D61-F121-47F8-97F3-782E9838CFEB}.Debug|Any CPU.Build.0 = Debug|Any CPU
		{DED15D61-F121-47F8-97F3-782E9838CFEB}.Release|Any CPU.ActiveCfg = Release|Any CPU
		{DED15D61-F121-47F8-97F3-782E9838CFEB}.Release|Any CPU.Build.0 = Release|Any CPU
	EndGlobalSection
	GlobalSection(SolutionProperties) = preSolution
		HideSolutionNode = FALSE
	EndGlobalSection
EndGlobal
